// !$*UTF8*$!
{
	archiveVersion = 1;
	classes = {
	};
	objectVersion = 55;
	objects = {

/* Begin PBXBuildFile section */
		E56A79B7275F5E0C00E9ADF2 /* modelData.swift in Sources */ = {isa = PBXBuildFile; fileRef = E56A79B6275F5E0C00E9ADF2 /* modelData.swift */; };
		E56A79BC275F605A00E9ADF2 /* Persistence.swift in Sources */ = {isa = PBXBuildFile; fileRef = E5C663B0275E46BC00E79970 /* Persistence.swift */; };
		E56A79BE275F609A00E9ADF2 /* surfSpotRow.swift in Sources */ = {isa = PBXBuildFile; fileRef = E56A79BD275F609A00E9ADF2 /* surfSpotRow.swift */; };
		E56A79C0275F6E9F00E9ADF2 /* surfSpotInfo.swift in Sources */ = {isa = PBXBuildFile; fileRef = E56A79BF275F6E9F00E9ADF2 /* surfSpotInfo.swift */; };
		E56A79C2275F701500E9ADF2 /* SurfSpotList.swift in Sources */ = {isa = PBXBuildFile; fileRef = E56A79C1275F701500E9ADF2 /* SurfSpotList.swift */; };
		E56A79C4275F783A00E9ADF2 /* SurfSpotDetails.swift in Sources */ = {isa = PBXBuildFile; fileRef = E56A79C3275F783A00E9ADF2 /* SurfSpotDetails.swift */; };
		E5BA7FFD275E4F5000540F50 /* durban-spot.swift in Sources */ = {isa = PBXBuildFile; fileRef = E5BA7FFC275E4F5000540F50 /* durban-spot.swift */; };
		E5BA7FFF275E510F00540F50 /* MapView.swift in Sources */ = {isa = PBXBuildFile; fileRef = E5BA7FFE275E510F00540F50 /* MapView.swift */; };
		E5BA8004275E5DB400540F50 /* surfSpotsData.json in Resources */ = {isa = PBXBuildFile; fileRef = E5BA8003275E5DB400540F50 /* surfSpotsData.json */; };
		E5BA8006275E693400540F50 /* whiteSandsBeach.jpg in Resources */ = {isa = PBXBuildFile; fileRef = E5BA8005275E693400540F50 /* whiteSandsBeach.jpg */; };
		E5BA8008275E69FF00540F50 /* addington.jpg in Resources */ = {isa = PBXBuildFile; fileRef = E5BA8007275E69FF00540F50 /* addington.jpg */; };
		E5BA800A275E6A2100540F50 /* supertubos.jpg in Resources */ = {isa = PBXBuildFile; fileRef = E5BA8009275E6A2100540F50 /* supertubos.jpg */; };
		E5BA800C275E6A4000540F50 /* hellsMouth.jpg in Resources */ = {isa = PBXBuildFile; fileRef = E5BA800B275E6A4000540F50 /* hellsMouth.jpg */; };
		E5C663A8275E46B600E79970 /* SurfSwiftApp.swift in Sources */ = {isa = PBXBuildFile; fileRef = E5C663A7275E46B600E79970 /* SurfSwiftApp.swift */; };
		E5C663AA275E46B600E79970 /* ContentView.swift in Sources */ = {isa = PBXBuildFile; fileRef = E5C663A9275E46B600E79970 /* ContentView.swift */; };
		E5C663AC275E46BC00E79970 /* Assets.xcassets in Resources */ = {isa = PBXBuildFile; fileRef = E5C663AB275E46BC00E79970 /* Assets.xcassets */; };
		E5C663AF275E46BC00E79970 /* Preview Assets.xcassets in Resources */ = {isa = PBXBuildFile; fileRef = E5C663AE275E46BC00E79970 /* Preview Assets.xcassets */; };
		E5C663B4275E46BC00E79970 /* SurfSwift.xcdatamodeld in Sources */ = {isa = PBXBuildFile; fileRef = E5C663B2275E46BC00E79970 /* SurfSwift.xcdatamodeld */; };
		E5C663BE275E46BC00E79970 /* SurfSwiftTests.swift in Sources */ = {isa = PBXBuildFile; fileRef = E5C663BD275E46BC00E79970 /* SurfSwiftTests.swift */; };
		E5C663C8275E46BC00E79970 /* SurfSwiftUITests.swift in Sources */ = {isa = PBXBuildFile; fileRef = E5C663C7275E46BC00E79970 /* SurfSwiftUITests.swift */; };
		E5C663CA275E46BC00E79970 /* SurfSwiftUITestsLaunchTests.swift in Sources */ = {isa = PBXBuildFile; fileRef = E5C663C9275E46BC00E79970 /* SurfSwiftUITestsLaunchTests.swift */; };
/* End PBXBuildFile section */

/* Begin PBXContainerItemProxy section */
		E5C663BA275E46BC00E79970 /* PBXContainerItemProxy */ = {
			isa = PBXContainerItemProxy;
			containerPortal = E5C6639C275E46B600E79970 /* Project object */;
			proxyType = 1;
			remoteGlobalIDString = E5C663A3275E46B600E79970;
			remoteInfo = SurfSwift;
		};
		E5C663C4275E46BC00E79970 /* PBXContainerItemProxy */ = {
			isa = PBXContainerItemProxy;
			containerPortal = E5C6639C275E46B600E79970 /* Project object */;
			proxyType = 1;
			remoteGlobalIDString = E5C663A3275E46B600E79970;
			remoteInfo = SurfSwift;
		};
/* End PBXContainerItemProxy section */

/* Begin PBXFileReference section */
		E56A79B6275F5E0C00E9ADF2 /* modelData.swift */ = {isa = PBXFileReference; lastKnownFileType = sourcecode.swift; path = modelData.swift; sourceTree = "<group>"; };
		E56A79BD275F609A00E9ADF2 /* surfSpotRow.swift */ = {isa = PBXFileReference; lastKnownFileType = sourcecode.swift; path = surfSpotRow.swift; sourceTree = SOURCE_ROOT; };
		E56A79BF275F6E9F00E9ADF2 /* surfSpotInfo.swift */ = {isa = PBXFileReference; lastKnownFileType = sourcecode.swift; path = surfSpotInfo.swift; sourceTree = "<group>"; };
		E56A79C1275F701500E9ADF2 /* SurfSpotList.swift */ = {isa = PBXFileReference; lastKnownFileType = sourcecode.swift; path = SurfSpotList.swift; sourceTree = "<group>"; };
		E56A79C3275F783A00E9ADF2 /* SurfSpotDetails.swift */ = {isa = PBXFileReference; lastKnownFileType = sourcecode.swift; path = SurfSpotDetails.swift; sourceTree = "<group>"; };
		E5BA7FFC275E4F5000540F50 /* durban-spot.swift */ = {isa = PBXFileReference; lastKnownFileType = sourcecode.swift; path = "durban-spot.swift"; sourceTree = "<group>"; };
		E5BA7FFE275E510F00540F50 /* MapView.swift */ = {isa = PBXFileReference; lastKnownFileType = sourcecode.swift; path = MapView.swift; sourceTree = "<group>"; };
		E5BA8003275E5DB400540F50 /* surfSpotsData.json */ = {isa = PBXFileReference; fileEncoding = 4; lastKnownFileType = text.json; path = surfSpotsData.json; sourceTree = "<group>"; };
		E5BA8005275E693400540F50 /* whiteSandsBeach.jpg */ = {isa = PBXFileReference; lastKnownFileType = image.jpeg; path = whiteSandsBeach.jpg; sourceTree = "<group>"; };
		E5BA8007275E69FF00540F50 /* addington.jpg */ = {isa = PBXFileReference; lastKnownFileType = image.jpeg; path = addington.jpg; sourceTree = "<group>"; };
		E5BA8009275E6A2100540F50 /* supertubos.jpg */ = {isa = PBXFileReference; lastKnownFileType = image.jpeg; path = supertubos.jpg; sourceTree = "<group>"; };
		E5BA800B275E6A4000540F50 /* hellsMouth.jpg */ = {isa = PBXFileReference; lastKnownFileType = image.jpeg; path = hellsMouth.jpg; sourceTree = "<group>"; };
		E5C663A4275E46B600E79970 /* SurfSwift.app */ = {isa = PBXFileReference; explicitFileType = wrapper.application; includeInIndex = 0; path = SurfSwift.app; sourceTree = BUILT_PRODUCTS_DIR; };
		E5C663A7275E46B600E79970 /* SurfSwiftApp.swift */ = {isa = PBXFileReference; lastKnownFileType = sourcecode.swift; path = SurfSwiftApp.swift; sourceTree = "<group>"; };
		E5C663A9275E46B600E79970 /* ContentView.swift */ = {isa = PBXFileReference; lastKnownFileType = sourcecode.swift; path = ContentView.swift; sourceTree = "<group>"; };
		E5C663AB275E46BC00E79970 /* Assets.xcassets */ = {isa = PBXFileReference; lastKnownFileType = folder.assetcatalog; path = Assets.xcassets; sourceTree = "<group>"; };
		E5C663AE275E46BC00E79970 /* Preview Assets.xcassets */ = {isa = PBXFileReference; lastKnownFileType = folder.assetcatalog; path = "Preview Assets.xcassets"; sourceTree = "<group>"; };
		E5C663B0275E46BC00E79970 /* Persistence.swift */ = {isa = PBXFileReference; lastKnownFileType = sourcecode.swift; path = Persistence.swift; sourceTree = "<group>"; };
		E5C663B3275E46BC00E79970 /* SurfSwift.xcdatamodel */ = {isa = PBXFileReference; lastKnownFileType = wrapper.xcdatamodel; path = SurfSwift.xcdatamodel; sourceTree = "<group>"; };
		E5C663B9275E46BC00E79970 /* SurfSwiftTests.xctest */ = {isa = PBXFileReference; explicitFileType = wrapper.cfbundle; includeInIndex = 0; path = SurfSwiftTests.xctest; sourceTree = BUILT_PRODUCTS_DIR; };
		E5C663BD275E46BC00E79970 /* SurfSwiftTests.swift */ = {isa = PBXFileReference; lastKnownFileType = sourcecode.swift; path = SurfSwiftTests.swift; sourceTree = "<group>"; };
		E5C663C3275E46BC00E79970 /* SurfSwiftUITests.xctest */ = {isa = PBXFileReference; explicitFileType = wrapper.cfbundle; includeInIndex = 0; path = SurfSwiftUITests.xctest; sourceTree = BUILT_PRODUCTS_DIR; };
		E5C663C7275E46BC00E79970 /* SurfSwiftUITests.swift */ = {isa = PBXFileReference; lastKnownFileType = sourcecode.swift; path = SurfSwiftUITests.swift; sourceTree = "<group>"; };
		E5C663C9275E46BC00E79970 /* SurfSwiftUITestsLaunchTests.swift */ = {isa = PBXFileReference; lastKnownFileType = sourcecode.swift; path = SurfSwiftUITestsLaunchTests.swift; sourceTree = "<group>"; };
/* End PBXFileReference section */

/* Begin PBXFrameworksBuildPhase section */
		E5C663A1275E46B600E79970 /* Frameworks */ = {
			isa = PBXFrameworksBuildPhase;
			buildActionMask = 2147483647;
			files = (
			);
			runOnlyForDeploymentPostprocessing = 0;
		};
		E5C663B6275E46BC00E79970 /* Frameworks */ = {
			isa = PBXFrameworksBuildPhase;
			buildActionMask = 2147483647;
			files = (
			);
			runOnlyForDeploymentPostprocessing = 0;
		};
		E5C663C0275E46BC00E79970 /* Frameworks */ = {
			isa = PBXFrameworksBuildPhase;
			buildActionMask = 2147483647;
			files = (
			);
			runOnlyForDeploymentPostprocessing = 0;
		};
/* End PBXFrameworksBuildPhase section */

/* Begin PBXGroup section */
		E56A79B8275F5FD700E9ADF2 /* views */ = {
			isa = PBXGroup;
			children = (
				E56A79BD275F609A00E9ADF2 /* surfSpotRow.swift */,
				E5BA7FFE275E510F00540F50 /* MapView.swift */,
				E5BA7FFC275E4F5000540F50 /* durban-spot.swift */,
				E5C663A9275E46B600E79970 /* ContentView.swift */,
				E56A79C1275F701500E9ADF2 /* SurfSpotList.swift */,
				E56A79C3275F783A00E9ADF2 /* SurfSpotDetails.swift */,
			);
			path = views;
			sourceTree = "<group>";
		};
		E56A79BA275F602400E9ADF2 /* model */ = {
			isa = PBXGroup;
			children = (
				E56A79BF275F6E9F00E9ADF2 /* surfSpotInfo.swift */,
				E56A79B6275F5E0C00E9ADF2 /* modelData.swift */,
			);
			path = model;
			sourceTree = "<group>";
		};
		E5BA8002275E5CDE00540F50 /* resources */ = {
			isa = PBXGroup;
			children = (
				E5BA800D275E6BD400540F50 /* images */,
				E5BA8003275E5DB400540F50 /* surfSpotsData.json */,
			);
			path = resources;
			sourceTree = "<group>";
		};
		E5BA800D275E6BD400540F50 /* images */ = {
			isa = PBXGroup;
			children = (
				E5BA8005275E693400540F50 /* whiteSandsBeach.jpg */,
				E5BA8009275E6A2100540F50 /* supertubos.jpg */,
				E5BA8007275E69FF00540F50 /* addington.jpg */,
				E5BA800B275E6A4000540F50 /* hellsMouth.jpg */,
			);
			path = images;
			sourceTree = "<group>";
		};
		E5C6639B275E46B600E79970 = {
			isa = PBXGroup;
			children = (
				E5C663A6275E46B600E79970 /* SurfSwift */,
				E5C663BC275E46BC00E79970 /* SurfSwiftTests */,
				E5C663C6275E46BC00E79970 /* SurfSwiftUITests */,
				E5C663A5275E46B600E79970 /* Products */,
			);
			sourceTree = "<group>";
		};
		E5C663A5275E46B600E79970 /* Products */ = {
			isa = PBXGroup;
			children = (
				E5C663A4275E46B600E79970 /* SurfSwift.app */,
				E5C663B9275E46BC00E79970 /* SurfSwiftTests.xctest */,
				E5C663C3275E46BC00E79970 /* SurfSwiftUITests.xctest */,
			);
			name = Products;
			sourceTree = "<group>";
		};
		E5C663A6275E46B600E79970 /* SurfSwift */ = {
			isa = PBXGroup;
			children = (
				E5C663B0275E46BC00E79970 /* Persistence.swift */,
				E56A79BA275F602400E9ADF2 /* model */,
				E5BA8002275E5CDE00540F50 /* resources */,
				E5C663A7275E46B600E79970 /* SurfSwiftApp.swift */,
				E56A79B8275F5FD700E9ADF2 /* views */,
				E5C663AB275E46BC00E79970 /* Assets.xcassets */,
				E5C663B2275E46BC00E79970 /* SurfSwift.xcdatamodeld */,
				E5C663AD275E46BC00E79970 /* Preview Content */,
			);
			path = SurfSwift;
			sourceTree = "<group>";
		};
		E5C663AD275E46BC00E79970 /* Preview Content */ = {
			isa = PBXGroup;
			children = (
				E5C663AE275E46BC00E79970 /* Preview Assets.xcassets */,
			);
			path = "Preview Content";
			sourceTree = "<group>";
		};
		E5C663BC275E46BC00E79970 /* SurfSwiftTests */ = {
			isa = PBXGroup;
			children = (
				E5C663BD275E46BC00E79970 /* SurfSwiftTests.swift */,
			);
			path = SurfSwiftTests;
			sourceTree = "<group>";
		};
		E5C663C6275E46BC00E79970 /* SurfSwiftUITests */ = {
			isa = PBXGroup;
			children = (
				E5C663C7275E46BC00E79970 /* SurfSwiftUITests.swift */,
				E5C663C9275E46BC00E79970 /* SurfSwiftUITestsLaunchTests.swift */,
			);
			path = SurfSwiftUITests;
			sourceTree = "<group>";
		};
/* End PBXGroup section */

/* Begin PBXNativeTarget section */
		E5C663A3275E46B600E79970 /* SurfSwift */ = {
			isa = PBXNativeTarget;
			buildConfigurationList = E5C663CD275E46BC00E79970 /* Build configuration list for PBXNativeTarget "SurfSwift" */;
			buildPhases = (
				E5C663A0275E46B600E79970 /* Sources */,
				E5C663A1275E46B600E79970 /* Frameworks */,
				E5C663A2275E46B600E79970 /* Resources */,
			);
			buildRules = (
			);
			dependencies = (
			);
			name = SurfSwift;
			productName = SurfSwift;
			productReference = E5C663A4275E46B600E79970 /* SurfSwift.app */;
			productType = "com.apple.product-type.application";
		};
		E5C663B8275E46BC00E79970 /* SurfSwiftTests */ = {
			isa = PBXNativeTarget;
			buildConfigurationList = E5C663D0275E46BC00E79970 /* Build configuration list for PBXNativeTarget "SurfSwiftTests" */;
			buildPhases = (
				E5C663B5275E46BC00E79970 /* Sources */,
				E5C663B6275E46BC00E79970 /* Frameworks */,
				E5C663B7275E46BC00E79970 /* Resources */,
			);
			buildRules = (
			);
			dependencies = (
				E5C663BB275E46BC00E79970 /* PBXTargetDependency */,
			);
			name = SurfSwiftTests;
			productName = SurfSwiftTests;
			productReference = E5C663B9275E46BC00E79970 /* SurfSwiftTests.xctest */;
			productType = "com.apple.product-type.bundle.unit-test";
		};
		E5C663C2275E46BC00E79970 /* SurfSwiftUITests */ = {
			isa = PBXNativeTarget;
			buildConfigurationList = E5C663D3275E46BC00E79970 /* Build configuration list for PBXNativeTarget "SurfSwiftUITests" */;
			buildPhases = (
				E5C663BF275E46BC00E79970 /* Sources */,
				E5C663C0275E46BC00E79970 /* Frameworks */,
				E5C663C1275E46BC00E79970 /* Resources */,
			);
			buildRules = (
			);
			dependencies = (
				E5C663C5275E46BC00E79970 /* PBXTargetDependency */,
			);
			name = SurfSwiftUITests;
			productName = SurfSwiftUITests;
			productReference = E5C663C3275E46BC00E79970 /* SurfSwiftUITests.xctest */;
			productType = "com.apple.product-type.bundle.ui-testing";
		};
/* End PBXNativeTarget section */

/* Begin PBXProject section */
		E5C6639C275E46B600E79970 /* Project object */ = {
			isa = PBXProject;
			attributes = {
				BuildIndependentTargetsInParallel = 1;
				LastSwiftUpdateCheck = 1310;
				LastUpgradeCheck = 1310;
				TargetAttributes = {
					E5C663A3275E46B600E79970 = {
						CreatedOnToolsVersion = 13.1;
					};
					E5C663B8275E46BC00E79970 = {
						CreatedOnToolsVersion = 13.1;
						TestTargetID = E5C663A3275E46B600E79970;
					};
					E5C663C2275E46BC00E79970 = {
						CreatedOnToolsVersion = 13.1;
						TestTargetID = E5C663A3275E46B600E79970;
					};
				};
			};
			buildConfigurationList = E5C6639F275E46B600E79970 /* Build configuration list for PBXProject "SurfSwift" */;
			compatibilityVersion = "Xcode 13.0";
			developmentRegion = en;
			hasScannedForEncodings = 0;
			knownRegions = (
				en,
				Base,
			);
			mainGroup = E5C6639B275E46B600E79970;
			productRefGroup = E5C663A5275E46B600E79970 /* Products */;
			projectDirPath = "";
			projectRoot = "";
			targets = (
				E5C663A3275E46B600E79970 /* SurfSwift */,
				E5C663B8275E46BC00E79970 /* SurfSwiftTests */,
				E5C663C2275E46BC00E79970 /* SurfSwiftUITests */,
			);
		};
/* End PBXProject section */

/* Begin PBXResourcesBuildPhase section */
		E5C663A2275E46B600E79970 /* Resources */ = {
			isa = PBXResourcesBuildPhase;
			buildActionMask = 2147483647;
			files = (
				E5BA800C275E6A4000540F50 /* hellsMouth.jpg in Resources */,
				E5C663AF275E46BC00E79970 /* Preview Assets.xcassets in Resources */,
				E5BA800A275E6A2100540F50 /* supertubos.jpg in Resources */,
				E5C663AC275E46BC00E79970 /* Assets.xcassets in Resources */,
				E5BA8008275E69FF00540F50 /* addington.jpg in Resources */,
				E5BA8004275E5DB400540F50 /* surfSpotsData.json in Resources */,
				E5BA8006275E693400540F50 /* whiteSandsBeach.jpg in Resources */,
			);
			runOnlyForDeploymentPostprocessing = 0;
		};
		E5C663B7275E46BC00E79970 /* Resources */ = {
			isa = PBXResourcesBuildPhase;
			buildActionMask = 2147483647;
			files = (
			);
			runOnlyForDeploymentPostprocessing = 0;
		};
		E5C663C1275E46BC00E79970 /* Resources */ = {
			isa = PBXResourcesBuildPhase;
			buildActionMask = 2147483647;
			files = (
			);
			runOnlyForDeploymentPostprocessing = 0;
		};
/* End PBXResourcesBuildPhase section */

/* Begin PBXSourcesBuildPhase section */
		E5C663A0275E46B600E79970 /* Sources */ = {
			isa = PBXSourcesBuildPhase;
			buildActionMask = 2147483647;
			files = (
				E5BA7FFF275E510F00540F50 /* MapView.swift in Sources */,
				E56A79C0275F6E9F00E9ADF2 /* surfSpotInfo.swift in Sources */,
				E56A79BC275F605A00E9ADF2 /* Persistence.swift in Sources */,
				E56A79BE275F609A00E9ADF2 /* surfSpotRow.swift in Sources */,
				E5C663AA275E46B600E79970 /* ContentView.swift in Sources */,
				E5BA7FFD275E4F5000540F50 /* durban-spot.swift in Sources */,
				E5C663A8275E46B600E79970 /* SurfSwiftApp.swift in Sources */,
				E56A79C4275F783A00E9ADF2 /* SurfSpotDetails.swift in Sources */,
				E56A79C2275F701500E9ADF2 /* SurfSpotList.swift in Sources */,
				E56A79B7275F5E0C00E9ADF2 /* modelData.swift in Sources */,
				E5C663B4275E46BC00E79970 /* SurfSwift.xcdatamodeld in Sources */,
			);
			runOnlyForDeploymentPostprocessing = 0;
		};
		E5C663B5275E46BC00E79970 /* Sources */ = {
			isa = PBXSourcesBuildPhase;
			buildActionMask = 2147483647;
			files = (
				E5C663BE275E46BC00E79970 /* SurfSwiftTests.swift in Sources */,
			);
			runOnlyForDeploymentPostprocessing = 0;
		};
		E5C663BF275E46BC00E79970 /* Sources */ = {
			isa = PBXSourcesBuildPhase;
			buildActionMask = 2147483647;
			files = (
				E5C663CA275E46BC00E79970 /* SurfSwiftUITestsLaunchTests.swift in Sources */,
				E5C663C8275E46BC00E79970 /* SurfSwiftUITests.swift in Sources */,
			);
			runOnlyForDeploymentPostprocessing = 0;
		};
/* End PBXSourcesBuildPhase section */

/* Begin PBXTargetDependency section */
		E5C663BB275E46BC00E79970 /* PBXTargetDependency */ = {
			isa = PBXTargetDependency;
			target = E5C663A3275E46B600E79970 /* SurfSwift */;
			targetProxy = E5C663BA275E46BC00E79970 /* PBXContainerItemProxy */;
		};
		E5C663C5275E46BC00E79970 /* PBXTargetDependency */ = {
			isa = PBXTargetDependency;
			target = E5C663A3275E46B600E79970 /* SurfSwift */;
			targetProxy = E5C663C4275E46BC00E79970 /* PBXContainerItemProxy */;
		};
/* End PBXTargetDependency section */

/* Begin XCBuildConfiguration section */
		E5C663CB275E46BC00E79970 /* Debug */ = {
			isa = XCBuildConfiguration;
			buildSettings = {
				ALWAYS_SEARCH_USER_PATHS = NO;
				CLANG_ANALYZER_NONNULL = YES;
				CLANG_ANALYZER_NUMBER_OBJECT_CONVERSION = YES_AGGRESSIVE;
				CLANG_CXX_LANGUAGE_STANDARD = "gnu++17";
				CLANG_CXX_LIBRARY = "libc++";
				CLANG_ENABLE_MODULES = YES;
				CLANG_ENABLE_OBJC_ARC = YES;
				CLANG_ENABLE_OBJC_WEAK = YES;
				CLANG_WARN_BLOCK_CAPTURE_AUTORELEASING = YES;
				CLANG_WARN_BOOL_CONVERSION = YES;
				CLANG_WARN_COMMA = YES;
				CLANG_WARN_CONSTANT_CONVERSION = YES;
				CLANG_WARN_DEPRECATED_OBJC_IMPLEMENTATIONS = YES;
				CLANG_WARN_DIRECT_OBJC_ISA_USAGE = YES_ERROR;
				CLANG_WARN_DOCUMENTATION_COMMENTS = YES;
				CLANG_WARN_EMPTY_BODY = YES;
				CLANG_WARN_ENUM_CONVERSION = YES;
				CLANG_WARN_INFINITE_RECURSION = YES;
				CLANG_WARN_INT_CONVERSION = YES;
				CLANG_WARN_NON_LITERAL_NULL_CONVERSION = YES;
				CLANG_WARN_OBJC_IMPLICIT_RETAIN_SELF = YES;
				CLANG_WARN_OBJC_LITERAL_CONVERSION = YES;
				CLANG_WARN_OBJC_ROOT_CLASS = YES_ERROR;
				CLANG_WARN_QUOTED_INCLUDE_IN_FRAMEWORK_HEADER = YES;
				CLANG_WARN_RANGE_LOOP_ANALYSIS = YES;
				CLANG_WARN_STRICT_PROTOTYPES = YES;
				CLANG_WARN_SUSPICIOUS_MOVE = YES;
				CLANG_WARN_UNGUARDED_AVAILABILITY = YES_AGGRESSIVE;
				CLANG_WARN_UNREACHABLE_CODE = YES;
				CLANG_WARN__DUPLICATE_METHOD_MATCH = YES;
				COPY_PHASE_STRIP = NO;
				DEBUG_INFORMATION_FORMAT = dwarf;
				ENABLE_STRICT_OBJC_MSGSEND = YES;
				ENABLE_TESTABILITY = YES;
				GCC_C_LANGUAGE_STANDARD = gnu11;
				GCC_DYNAMIC_NO_PIC = NO;
				GCC_NO_COMMON_BLOCKS = YES;
				GCC_OPTIMIZATION_LEVEL = 0;
				GCC_PREPROCESSOR_DEFINITIONS = (
					"DEBUG=1",
					"$(inherited)",
				);
				GCC_WARN_64_TO_32_BIT_CONVERSION = YES;
				GCC_WARN_ABOUT_RETURN_TYPE = YES_ERROR;
				GCC_WARN_UNDECLARED_SELECTOR = YES;
				GCC_WARN_UNINITIALIZED_AUTOS = YES_AGGRESSIVE;
				GCC_WARN_UNUSED_FUNCTION = YES;
				GCC_WARN_UNUSED_VARIABLE = YES;
				IPHONEOS_DEPLOYMENT_TARGET = 15.0;
				MTL_ENABLE_DEBUG_INFO = INCLUDE_SOURCE;
				MTL_FAST_MATH = YES;
				ONLY_ACTIVE_ARCH = YES;
				SDKROOT = iphoneos;
				SWIFT_ACTIVE_COMPILATION_CONDITIONS = DEBUG;
				SWIFT_OPTIMIZATION_LEVEL = "-Onone";
			};
			name = Debug;
		};
		E5C663CC275E46BC00E79970 /* Release */ = {
			isa = XCBuildConfiguration;
			buildSettings = {
				ALWAYS_SEARCH_USER_PATHS = NO;
				CLANG_ANALYZER_NONNULL = YES;
				CLANG_ANALYZER_NUMBER_OBJECT_CONVERSION = YES_AGGRESSIVE;
				CLANG_CXX_LANGUAGE_STANDARD = "gnu++17";
				CLANG_CXX_LIBRARY = "libc++";
				CLANG_ENABLE_MODULES = YES;
				CLANG_ENABLE_OBJC_ARC = YES;
				CLANG_ENABLE_OBJC_WEAK = YES;
				CLANG_WARN_BLOCK_CAPTURE_AUTORELEASING = YES;
				CLANG_WARN_BOOL_CONVERSION = YES;
				CLANG_WARN_COMMA = YES;
				CLANG_WARN_CONSTANT_CONVERSION = YES;
				CLANG_WARN_DEPRECATED_OBJC_IMPLEMENTATIONS = YES;
				CLANG_WARN_DIRECT_OBJC_ISA_USAGE = YES_ERROR;
				CLANG_WARN_DOCUMENTATION_COMMENTS = YES;
				CLANG_WARN_EMPTY_BODY = YES;
				CLANG_WARN_ENUM_CONVERSION = YES;
				CLANG_WARN_INFINITE_RECURSION = YES;
				CLANG_WARN_INT_CONVERSION = YES;
				CLANG_WARN_NON_LITERAL_NULL_CONVERSION = YES;
				CLANG_WARN_OBJC_IMPLICIT_RETAIN_SELF = YES;
				CLANG_WARN_OBJC_LITERAL_CONVERSION = YES;
				CLANG_WARN_OBJC_ROOT_CLASS = YES_ERROR;
				CLANG_WARN_QUOTED_INCLUDE_IN_FRAMEWORK_HEADER = YES;
				CLANG_WARN_RANGE_LOOP_ANALYSIS = YES;
				CLANG_WARN_STRICT_PROTOTYPES = YES;
				CLANG_WARN_SUSPICIOUS_MOVE = YES;
				CLANG_WARN_UNGUARDED_AVAILABILITY = YES_AGGRESSIVE;
				CLANG_WARN_UNREACHABLE_CODE = YES;
				CLANG_WARN__DUPLICATE_METHOD_MATCH = YES;
				COPY_PHASE_STRIP = NO;
				DEBUG_INFORMATION_FORMAT = "dwarf-with-dsym";
				ENABLE_NS_ASSERTIONS = NO;
				ENABLE_STRICT_OBJC_MSGSEND = YES;
				GCC_C_LANGUAGE_STANDARD = gnu11;
				GCC_NO_COMMON_BLOCKS = YES;
				GCC_WARN_64_TO_32_BIT_CONVERSION = YES;
				GCC_WARN_ABOUT_RETURN_TYPE = YES_ERROR;
				GCC_WARN_UNDECLARED_SELECTOR = YES;
				GCC_WARN_UNINITIALIZED_AUTOS = YES_AGGRESSIVE;
				GCC_WARN_UNUSED_FUNCTION = YES;
				GCC_WARN_UNUSED_VARIABLE = YES;
				IPHONEOS_DEPLOYMENT_TARGET = 15.0;
				MTL_ENABLE_DEBUG_INFO = NO;
				MTL_FAST_MATH = YES;
				SDKROOT = iphoneos;
				SWIFT_COMPILATION_MODE = wholemodule;
				SWIFT_OPTIMIZATION_LEVEL = "-O";
				VALIDATE_PRODUCT = YES;
			};
			name = Release;
		};
		E5C663CE275E46BC00E79970 /* Debug */ = {
			isa = XCBuildConfiguration;
			buildSettings = {
				ASSETCATALOG_COMPILER_APPICON_NAME = AppIcon;
				ASSETCATALOG_COMPILER_GLOBAL_ACCENT_COLOR_NAME = AccentColor;
				CODE_SIGN_STYLE = Automatic;
				CURRENT_PROJECT_VERSION = 1;
				DEVELOPMENT_ASSET_PATHS = "\"SurfSwift/Preview Content\"";
				ENABLE_PREVIEWS = YES;
				GENERATE_INFOPLIST_FILE = YES;
				INFOPLIST_KEY_UIApplicationSceneManifest_Generation = YES;
				INFOPLIST_KEY_UIApplicationSupportsIndirectInputEvents = YES;
				INFOPLIST_KEY_UILaunchScreen_Generation = YES;
				INFOPLIST_KEY_UISupportedInterfaceOrientations_iPad = "UIInterfaceOrientationPortrait UIInterfaceOrientationPortraitUpsideDown UIInterfaceOrientationLandscapeLeft UIInterfaceOrientationLandscapeRight";
				INFOPLIST_KEY_UISupportedInterfaceOrientations_iPhone = "UIInterfaceOrientationPortrait UIInterfaceOrientationLandscapeLeft UIInterfaceOrientationLandscapeRight";
				LD_RUNPATH_SEARCH_PATHS = (
					"$(inherited)",
					"@executable_path/Frameworks",
				);
				MARKETING_VERSION = 1.0;
				PRODUCT_BUNDLE_IDENTIFIER = ada.SurfSwift;
				PRODUCT_NAME = "$(TARGET_NAME)";
				SWIFT_EMIT_LOC_STRINGS = YES;
				SWIFT_VERSION = 5.0;
				TARGETED_DEVICE_FAMILY = "1,2";
			};
			name = Debug;
		};
		E5C663CF275E46BC00E79970 /* Release */ = {
			isa = XCBuildConfiguration;
			buildSettings = {
				ASSETCATALOG_COMPILER_APPICON_NAME = AppIcon;
				ASSETCATALOG_COMPILER_GLOBAL_ACCENT_COLOR_NAME = AccentColor;
				CODE_SIGN_STYLE = Automatic;
				CURRENT_PROJECT_VERSION = 1;
				DEVELOPMENT_ASSET_PATHS = "\"SurfSwift/Preview Content\"";
				ENABLE_PREVIEWS = YES;
				GENERATE_INFOPLIST_FILE = YES;
				INFOPLIST_KEY_UIApplicationSceneManifest_Generation = YES;
				INFOPLIST_KEY_UIApplicationSupportsIndirectInputEvents = YES;
				INFOPLIST_KEY_UILaunchScreen_Generation = YES;
				INFOPLIST_KEY_UISupportedInterfaceOrientations_iPad = "UIInterfaceOrientationPortrait UIInterfaceOrientationPortraitUpsideDown UIInterfaceOrientationLandscapeLeft UIInterfaceOrientationLandscapeRight";
				INFOPLIST_KEY_UISupportedInterfaceOrientations_iPhone = "UIInterfaceOrientationPortrait UIInterfaceOrientationLandscapeLeft UIInterfaceOrientationLandscapeRight";
				LD_RUNPATH_SEARCH_PATHS = (
					"$(inherited)",
					"@executable_path/Frameworks",
				);
				MARKETING_VERSION = 1.0;
				PRODUCT_BUNDLE_IDENTIFIER = ada.SurfSwift;
				PRODUCT_NAME = "$(TARGET_NAME)";
				SWIFT_EMIT_LOC_STRINGS = YES;
				SWIFT_VERSION = 5.0;
				TARGETED_DEVICE_FAMILY = "1,2";
			};
			name = Release;
		};
		E5C663D1275E46BC00E79970 /* Debug */ = {
			isa = XCBuildConfiguration;
			buildSettings = {
				ALWAYS_EMBED_SWIFT_STANDARD_LIBRARIES = YES;
				BUNDLE_LOADER = "$(TEST_HOST)";
				CODE_SIGN_STYLE = Automatic;
				CURRENT_PROJECT_VERSION = 1;
				GENERATE_INFOPLIST_FILE = YES;
				IPHONEOS_DEPLOYMENT_TARGET = 15.0;
				LD_RUNPATH_SEARCH_PATHS = (
					"$(inherited)",
					"@executable_path/Frameworks",
					"@loader_path/Frameworks",
				);
				MARKETING_VERSION = 1.0;
				PRODUCT_BUNDLE_IDENTIFIER = ada.SurfSwiftTests;
				PRODUCT_NAME = "$(TARGET_NAME)";
				SWIFT_EMIT_LOC_STRINGS = NO;
				SWIFT_VERSION = 5.0;
				TARGETED_DEVICE_FAMILY = "1,2";
				TEST_HOST = "$(BUILT_PRODUCTS_DIR)/SurfSwift.app/SurfSwift";
			};
			name = Debug;
		};
		E5C663D2275E46BC00E79970 /* Release */ = {
			isa = XCBuildConfiguration;
			buildSettings = {
				ALWAYS_EMBED_SWIFT_STANDARD_LIBRARIES = YES;
				BUNDLE_LOADER = "$(TEST_HOST)";
				CODE_SIGN_STYLE = Automatic;
				CURRENT_PROJECT_VERSION = 1;
				GENERATE_INFOPLIST_FILE = YES;
				IPHONEOS_DEPLOYMENT_TARGET = 15.0;
				LD_RUNPATH_SEARCH_PATHS = (
					"$(inherited)",
					"@executable_path/Frameworks",
					"@loader_path/Frameworks",
				);
				MARKETING_VERSION = 1.0;
				PRODUCT_BUNDLE_IDENTIFIER = ada.SurfSwiftTests;
				PRODUCT_NAME = "$(TARGET_NAME)";
				SWIFT_EMIT_LOC_STRINGS = NO;
				SWIFT_VERSION = 5.0;
				TARGETED_DEVICE_FAMILY = "1,2";
				TEST_HOST = "$(BUILT_PRODUCTS_DIR)/SurfSwift.app/SurfSwift";
			};
			name = Release;
		};
		E5C663D4275E46BC00E79970 /* Debug */ = {
			isa = XCBuildConfiguration;
			buildSettings = {
				ALWAYS_EMBED_SWIFT_STANDARD_LIBRARIES = YES;
				CODE_SIGN_STYLE = Automatic;
				CURRENT_PROJECT_VERSION = 1;
				GENERATE_INFOPLIST_FILE = YES;
				LD_RUNPATH_SEARCH_PATHS = (
					"$(inherited)",
					"@executable_path/Frameworks",
					"@loader_path/Frameworks",
				);
				MARKETING_VERSION = 1.0;
				PRODUCT_BUNDLE_IDENTIFIER = ada.SurfSwiftUITests;
				PRODUCT_NAME = "$(TARGET_NAME)";
				SWIFT_EMIT_LOC_STRINGS = NO;
				SWIFT_VERSION = 5.0;
				TARGETED_DEVICE_FAMILY = "1,2";
				TEST_TARGET_NAME = SurfSwift;
			};
			name = Debug;
		};
		E5C663D5275E46BC00E79970 /* Release */ = {
			isa = XCBuildConfiguration;
			buildSettings = {
				ALWAYS_EMBED_SWIFT_STANDARD_LIBRARIES = YES;
				CODE_SIGN_STYLE = Automatic;
				CURRENT_PROJECT_VERSION = 1;
				GENERATE_INFOPLIST_FILE = YES;
				LD_RUNPATH_SEARCH_PATHS = (
					"$(inherited)",
					"@executable_path/Frameworks",
					"@loader_path/Frameworks",
				);
				MARKETING_VERSION = 1.0;
				PRODUCT_BUNDLE_IDENTIFIER = ada.SurfSwiftUITests;
				PRODUCT_NAME = "$(TARGET_NAME)";
				SWIFT_EMIT_LOC_STRINGS = NO;
				SWIFT_VERSION = 5.0;
				TARGETED_DEVICE_FAMILY = "1,2";
				TEST_TARGET_NAME = SurfSwift;
			};
			name = Release;
		};
/* End XCBuildConfiguration section */

/* Begin XCConfigurationList section */
		E5C6639F275E46B600E79970 /* Build configuration list for PBXProject "SurfSwift" */ = {
			isa = XCConfigurationList;
			buildConfigurations = (
				E5C663CB275E46BC00E79970 /* Debug */,
				E5C663CC275E46BC00E79970 /* Release */,
			);
			defaultConfigurationIsVisible = 0;
			defaultConfigurationName = Release;
		};
		E5C663CD275E46BC00E79970 /* Build configuration list for PBXNativeTarget "SurfSwift" */ = {
			isa = XCConfigurationList;
			buildConfigurations = (
				E5C663CE275E46BC00E79970 /* Debug */,
				E5C663CF275E46BC00E79970 /* Release */,
			);
			defaultConfigurationIsVisible = 0;
			defaultConfigurationName = Release;
		};
		E5C663D0275E46BC00E79970 /* Build configuration list for PBXNativeTarget "SurfSwiftTests" */ = {
			isa = XCConfigurationList;
			buildConfigurations = (
				E5C663D1275E46BC00E79970 /* Debug */,
				E5C663D2275E46BC00E79970 /* Release */,
			);
			defaultConfigurationIsVisible = 0;
			defaultConfigurationName = Release;
		};
		E5C663D3275E46BC00E79970 /* Build configuration list for PBXNativeTarget "SurfSwiftUITests" */ = {
			isa = XCConfigurationList;
			buildConfigurations = (
				E5C663D4275E46BC00E79970 /* Debug */,
				E5C663D5275E46BC00E79970 /* Release */,
			);
			defaultConfigurationIsVisible = 0;
			defaultConfigurationName = Release;
		};
/* End XCConfigurationList section */

/* Begin XCVersionGroup section */
		E5C663B2275E46BC00E79970 /* SurfSwift.xcdatamodeld */ = {
			isa = XCVersionGroup;
			children = (
				E5C663B3275E46BC00E79970 /* SurfSwift.xcdatamodel */,
			);
			currentVersion = E5C663B3275E46BC00E79970 /* SurfSwift.xcdatamodel */;
			path = SurfSwift.xcdatamodeld;
			sourceTree = "<group>";
			versionGroupType = wrapper.xcdatamodel;
		};
/* End XCVersionGroup section */
	};
	rootObject = E5C6639C275E46B600E79970 /* Project object */;
}
